// !$*UTF8*$!
{
	archiveVersion = 1;
	classes = {
	};
	objectVersion = 46;
	objects = {

/* Begin PBXBuildFile section */
		39F0254B1CAC615100AA5837 /* AppDelegate.swift in Sources */ = {isa = PBXBuildFile; fileRef = 39F0254A1CAC615100AA5837 /* AppDelegate.swift */; };
		39F0254D1CAC615100AA5837 /* ViewController.swift in Sources */ = {isa = PBXBuildFile; fileRef = 39F0254C1CAC615100AA5837 /* ViewController.swift */; };
		39F025501CAC615200AA5837 /* Main.storyboard in Resources */ = {isa = PBXBuildFile; fileRef = 39F0254E1CAC615200AA5837 /* Main.storyboard */; };
		39F025521CAC615200AA5837 /* Assets.xcassets in Resources */ = {isa = PBXBuildFile; fileRef = 39F025511CAC615200AA5837 /* Assets.xcassets */; };
		39F025551CAC615200AA5837 /* LaunchScreen.storyboard in Resources */ = {isa = PBXBuildFile; fileRef = 39F025531CAC615200AA5837 /* LaunchScreen.storyboard */; };
		39F025601CAC615200AA5837 /* watsonChristopher_Assignment4Tests.swift in Sources */ = {isa = PBXBuildFile; fileRef = 39F0255F1CAC615200AA5837 /* watsonChristopher_Assignment4Tests.swift */; };
		39F0256B1CAC615200AA5837 /* watsonChristopher_Assignment4UITests.swift in Sources */ = {isa = PBXBuildFile; fileRef = 39F0256A1CAC615200AA5837 /* watsonChristopher_Assignment4UITests.swift */; };
/* End PBXBuildFile section */

/* Begin PBXContainerItemProxy section */
		39F0255C1CAC615200AA5837 /* PBXContainerItemProxy */ = {
			isa = PBXContainerItemProxy;
			containerPortal = 39F0253F1CAC615100AA5837 /* Project object */;
			proxyType = 1;
			remoteGlobalIDString = 39F025461CAC615100AA5837;
			remoteInfo = watsonChristopher_Assignment4;
		};
		39F025671CAC615200AA5837 /* PBXContainerItemProxy */ = {
			isa = PBXContainerItemProxy;
			containerPortal = 39F0253F1CAC615100AA5837 /* Project object */;
			proxyType = 1;
			remoteGlobalIDString = 39F025461CAC615100AA5837;
			remoteInfo = watsonChristopher_Assignment4;
		};
/* End PBXContainerItemProxy section */

/* Begin PBXFileReference section */
		39F025471CAC615100AA5837 /* watsonChristopher_Assignment4.app */ = {isa = PBXFileReference; explicitFileType = wrapper.application; includeInIndex = 0; path = watsonChristopher_Assignment4.app; sourceTree = BUILT_PRODUCTS_DIR; };
		39F0254A1CAC615100AA5837 /* AppDelegate.swift */ = {isa = PBXFileReference; lastKnownFileType = sourcecode.swift; path = AppDelegate.swift; sourceTree = "<group>"; };
		39F0254C1CAC615100AA5837 /* ViewController.swift */ = {isa = PBXFileReference; lastKnownFileType = sourcecode.swift; path = ViewController.swift; sourceTree = "<group>"; };
		39F0254F1CAC615200AA5837 /* Base */ = {isa = PBXFileReference; lastKnownFileType = file.storyboard; name = Base; path = Base.lproj/Main.storyboard; sourceTree = "<group>"; };
		39F025511CAC615200AA5837 /* Assets.xcassets */ = {isa = PBXFileReference; lastKnownFileType = folder.assetcatalog; path = Assets.xcassets; sourceTree = "<group>"; };
		39F025541CAC615200AA5837 /* Base */ = {isa = PBXFileReference; lastKnownFileType = file.storyboard; name = Base; path = Base.lproj/LaunchScreen.storyboard; sourceTree = "<group>"; };
		39F025561CAC615200AA5837 /* Info.plist */ = {isa = PBXFileReference; lastKnownFileType = text.plist.xml; path = Info.plist; sourceTree = "<group>"; };
		39F0255B1CAC615200AA5837 /* watsonChristopher_Assignment4Tests.xctest */ = {isa = PBXFileReference; explicitFileType = wrapper.cfbundle; includeInIndex = 0; path = watsonChristopher_Assignment4Tests.xctest; sourceTree = BUILT_PRODUCTS_DIR; };
		39F0255F1CAC615200AA5837 /* watsonChristopher_Assignment4Tests.swift */ = {isa = PBXFileReference; lastKnownFileType = sourcecode.swift; path = watsonChristopher_Assignment4Tests.swift; sourceTree = "<group>"; };
		39F025611CAC615200AA5837 /* Info.plist */ = {isa = PBXFileReference; lastKnownFileType = text.plist.xml; path = Info.plist; sourceTree = "<group>"; };
		39F025661CAC615200AA5837 /* watsonChristopher_Assignment4UITests.xctest */ = {isa = PBXFileReference; explicitFileType = wrapper.cfbundle; includeInIndex = 0; path = watsonChristopher_Assignment4UITests.xctest; sourceTree = BUILT_PRODUCTS_DIR; };
		39F0256A1CAC615200AA5837 /* watsonChristopher_Assignment4UITests.swift */ = {isa = PBXFileReference; lastKnownFileType = sourcecode.swift; path = watsonChristopher_Assignment4UITests.swift; sourceTree = "<group>"; };
		39F0256C1CAC615200AA5837 /* Info.plist */ = {isa = PBXFileReference; lastKnownFileType = text.plist.xml; path = Info.plist; sourceTree = "<group>"; };
/* End PBXFileReference section */

/* Begin PBXFrameworksBuildPhase section */
		39F025441CAC615100AA5837 /* Frameworks */ = {
			isa = PBXFrameworksBuildPhase;
			buildActionMask = 2147483647;
			files = (
			);
			runOnlyForDeploymentPostprocessing = 0;
		};
		39F025581CAC615200AA5837 /* Frameworks */ = {
			isa = PBXFrameworksBuildPhase;
			buildActionMask = 2147483647;
			files = (
			);
			runOnlyForDeploymentPostprocessing = 0;
		};
		39F025631CAC615200AA5837 /* Frameworks */ = {
			isa = PBXFrameworksBuildPhase;
			buildActionMask = 2147483647;
			files = (
			);
			runOnlyForDeploymentPostprocessing = 0;
		};
/* End PBXFrameworksBuildPhase section */

/* Begin PBXGroup section */
		39F0253E1CAC615100AA5837 = {
			isa = PBXGroup;
			children = (
				39F025491CAC615100AA5837 /* watsonChristopher_Assignment4 */,
				39F0255E1CAC615200AA5837 /* watsonChristopher_Assignment4Tests */,
				39F025691CAC615200AA5837 /* watsonChristopher_Assignment4UITests */,
				39F025481CAC615100AA5837 /* Products */,
			);
			sourceTree = "<group>";
		};
		39F025481CAC615100AA5837 /* Products */ = {
			isa = PBXGroup;
			children = (
				39F025471CAC615100AA5837 /* watsonChristopher_Assignment4.app */,
				39F0255B1CAC615200AA5837 /* watsonChristopher_Assignment4Tests.xctest */,
				39F025661CAC615200AA5837 /* watsonChristopher_Assignment4UITests.xctest */,
			);
			name = Products;
			sourceTree = "<group>";
		};
		39F025491CAC615100AA5837 /* watsonChristopher_Assignment4 */ = {
			isa = PBXGroup;
			children = (
				39F0254A1CAC615100AA5837 /* AppDelegate.swift */,
				39F0254C1CAC615100AA5837 /* ViewController.swift */,
				39F0254E1CAC615200AA5837 /* Main.storyboard */,
				39F025511CAC615200AA5837 /* Assets.xcassets */,
				39F025531CAC615200AA5837 /* LaunchScreen.storyboard */,
				39F025561CAC615200AA5837 /* Info.plist */,
			);
			path = watsonChristopher_Assignment4;
			sourceTree = "<group>";
		};
		39F0255E1CAC615200AA5837 /* watsonChristopher_Assignment4Tests */ = {
			isa = PBXGroup;
			children = (
				39F0255F1CAC615200AA5837 /* watsonChristopher_Assignment4Tests.swift */,
				39F025611CAC615200AA5837 /* Info.plist */,
			);
			path = watsonChristopher_Assignment4Tests;
			sourceTree = "<group>";
		};
		39F025691CAC615200AA5837 /* watsonChristopher_Assignment4UITests */ = {
			isa = PBXGroup;
			children = (
				39F0256A1CAC615200AA5837 /* watsonChristopher_Assignment4UITests.swift */,
				39F0256C1CAC615200AA5837 /* Info.plist */,
			);
			path = watsonChristopher_Assignment4UITests;
			sourceTree = "<group>";
		};
/* End PBXGroup section */

/* Begin PBXNativeTarget section */
		39F025461CAC615100AA5837 /* watsonChristopher_Assignment4 */ = {
			isa = PBXNativeTarget;
			buildConfigurationList = 39F0256F1CAC615200AA5837 /* Build configuration list for PBXNativeTarget "watsonChristopher_Assignment4" */;
			buildPhases = (
				39F025431CAC615100AA5837 /* Sources */,
				39F025441CAC615100AA5837 /* Frameworks */,
				39F025451CAC615100AA5837 /* Resources */,
			);
			buildRules = (
			);
			dependencies = (
			);
			name = watsonChristopher_Assignment4;
			productName = watsonChristopher_Assignment4;
			productReference = 39F025471CAC615100AA5837 /* watsonChristopher_Assignment4.app */;
			productType = "com.apple.product-type.application";
		};
		39F0255A1CAC615200AA5837 /* watsonChristopher_Assignment4Tests */ = {
			isa = PBXNativeTarget;
			buildConfigurationList = 39F025721CAC615200AA5837 /* Build configuration list for PBXNativeTarget "watsonChristopher_Assignment4Tests" */;
			buildPhases = (
				39F025571CAC615200AA5837 /* Sources */,
				39F025581CAC615200AA5837 /* Frameworks */,
				39F025591CAC615200AA5837 /* Resources */,
			);
			buildRules = (
			);
			dependencies = (
				39F0255D1CAC615200AA5837 /* PBXTargetDependency */,
			);
			name = watsonChristopher_Assignment4Tests;
			productName = watsonChristopher_Assignment4Tests;
			productReference = 39F0255B1CAC615200AA5837 /* watsonChristopher_Assignment4Tests.xctest */;
			productType = "com.apple.product-type.bundle.unit-test";
		};
		39F025651CAC615200AA5837 /* watsonChristopher_Assignment4UITests */ = {
			isa = PBXNativeTarget;
			buildConfigurationList = 39F025751CAC615200AA5837 /* Build configuration list for PBXNativeTarget "watsonChristopher_Assignment4UITests" */;
			buildPhases = (
				39F025621CAC615200AA5837 /* Sources */,
				39F025631CAC615200AA5837 /* Frameworks */,
				39F025641CAC615200AA5837 /* Resources */,
			);
			buildRules = (
			);
			dependencies = (
				39F025681CAC615200AA5837 /* PBXTargetDependency */,
			);
			name = watsonChristopher_Assignment4UITests;
			productName = watsonChristopher_Assignment4UITests;
			productReference = 39F025661CAC615200AA5837 /* watsonChristopher_Assignment4UITests.xctest */;
			productType = "com.apple.product-type.bundle.ui-testing";
		};
/* End PBXNativeTarget section */

/* Begin PBXProject section */
		39F0253F1CAC615100AA5837 /* Project object */ = {
			isa = PBXProject;
			attributes = {
				LastSwiftUpdateCheck = 0720;
				LastUpgradeCheck = 0720;
				ORGANIZATIONNAME = "Chapman University";
				TargetAttributes = {
					39F025461CAC615100AA5837 = {
						CreatedOnToolsVersion = 7.2.1;
					};
					39F0255A1CAC615200AA5837 = {
						CreatedOnToolsVersion = 7.2.1;
						TestTargetID = 39F025461CAC615100AA5837;
					};
					39F025651CAC615200AA5837 = {
						CreatedOnToolsVersion = 7.2.1;
						TestTargetID = 39F025461CAC615100AA5837;
					};
				};
			};
			buildConfigurationList = 39F025421CAC615100AA5837 /* Build configuration list for PBXProject "watsonChristopher_Assignment4" */;
			compatibilityVersion = "Xcode 3.2";
			developmentRegion = English;
			hasScannedForEncodings = 0;
			knownRegions = (
				en,
				Base,
			);
			mainGroup = 39F0253E1CAC615100AA5837;
			productRefGroup = 39F025481CAC615100AA5837 /* Products */;
			projectDirPath = "";
			projectRoot = "";
			targets = (
				39F025461CAC615100AA5837 /* watsonChristopher_Assignment4 */,
				39F0255A1CAC615200AA5837 /* watsonChristopher_Assignment4Tests */,
				39F025651CAC615200AA5837 /* watsonChristopher_Assignment4UITests */,
			);
		};
/* End PBXProject section */

/* Begin PBXResourcesBuildPhase section */
		39F025451CAC615100AA5837 /* Resources */ = {
			isa = PBXResourcesBuildPhase;
			buildActionMask = 2147483647;
			files = (
				39F025551CAC615200AA5837 /* LaunchScreen.storyboard in Resources */,
				39F025521CAC615200AA5837 /* Assets.xcassets in Resources */,
				39F025501CAC615200AA5837 /* Main.storyboard in Resources */,
			);
			runOnlyForDeploymentPostprocessing = 0;
		};
		39F025591CAC615200AA5837 /* Resources */ = {
			isa = PBXResourcesBuildPhase;
			buildActionMask = 2147483647;
			files = (
			);
			runOnlyForDeploymentPostprocessing = 0;
		};
		39F025641CAC615200AA5837 /* Resources */ = {
			isa = PBXResourcesBuildPhase;
			buildActionMask = 2147483647;
			files = (
			);
			runOnlyForDeploymentPostprocessing = 0;
		};
/* End PBXResourcesBuildPhase section */

/* Begin PBXSourcesBuildPhase section */
		39F025431CAC615100AA5837 /* Sources */ = {
			isa = PBXSourcesBuildPhase;
			buildActionMask = 2147483647;
			files = (
				39F0254D1CAC615100AA5837 /* ViewController.swift in Sources */,
				39F0254B1CAC615100AA5837 /* AppDelegate.swift in Sources */,
			);
			runOnlyForDeploymentPostprocessing = 0;
		};
		39F025571CAC615200AA5837 /* Sources */ = {
			isa = PBXSourcesBuildPhase;
			buildActionMask = 2147483647;
			files = (
				39F025601CAC615200AA5837 /* watsonChristopher_Assignment4Tests.swift in Sources */,
			);
			runOnlyForDeploymentPostprocessing = 0;
		};
		39F025621CAC615200AA5837 /* Sources */ = {
			isa = PBXSourcesBuildPhase;
			buildActionMask = 2147483647;
			files = (
				39F0256B1CAC615200AA5837 /* watsonChristopher_Assignment4UITests.swift in Sources */,
			);
			runOnlyForDeploymentPostprocessing = 0;
		};
/* End PBXSourcesBuildPhase section */

/* Begin PBXTargetDependency section */
		39F0255D1CAC615200AA5837 /* PBXTargetDependency */ = {
			isa = PBXTargetDependency;
			target = 39F025461CAC615100AA5837 /* watsonChristopher_Assignment4 */;
			targetProxy = 39F0255C1CAC615200AA5837 /* PBXContainerItemProxy */;
		};
		39F025681CAC615200AA5837 /* PBXTargetDependency */ = {
			isa = PBXTargetDependency;
			target = 39F025461CAC615100AA5837 /* watsonChristopher_Assignment4 */;
			targetProxy = 39F025671CAC615200AA5837 /* PBXContainerItemProxy */;
		};
/* End PBXTargetDependency section */

/* Begin PBXVariantGroup section */
		39F0254E1CAC615200AA5837 /* Main.storyboard */ = {
			isa = PBXVariantGroup;
			children = (
				39F0254F1CAC615200AA5837 /* Base */,
			);
			name = Main.storyboard;
			sourceTree = "<group>";
		};
		39F025531CAC615200AA5837 /* LaunchScreen.storyboard */ = {
			isa = PBXVariantGroup;
			children = (
				39F025541CAC615200AA5837 /* Base */,
			);
			name = LaunchScreen.storyboard;
			sourceTree = "<group>";
		};
/* End PBXVariantGroup section */

/* Begin XCBuildConfiguration section */
		39F0256D1CAC615200AA5837 /* Debug */ = {
			isa = XCBuildConfiguration;
			buildSettings = {
				ALWAYS_SEARCH_USER_PATHS = NO;
				CLANG_CXX_LANGUAGE_STANDARD = "gnu++0x";
				CLANG_CXX_LIBRARY = "libc++";
				CLANG_ENABLE_MODULES = YES;
				CLANG_ENABLE_OBJC_ARC = YES;
				CLANG_WARN_BOOL_CONVERSION = YES;
				CLANG_WARN_CONSTANT_CONVERSION = YES;
				CLANG_WARN_DIRECT_OBJC_ISA_USAGE = YES_ERROR;
				CLANG_WARN_EMPTY_BODY = YES;
				CLANG_WARN_ENUM_CONVERSION = YES;
				CLANG_WARN_INT_CONVERSION = YES;
				CLANG_WARN_OBJC_ROOT_CLASS = YES_ERROR;
				CLANG_WARN_UNREACHABLE_CODE = YES;
				CLANG_WARN__DUPLICATE_METHOD_MATCH = YES;
				"CODE_SIGN_IDENTITY[sdk=iphoneos*]" = "iPhone Developer";
				COPY_PHASE_STRIP = NO;
				DEBUG_INFORMATION_FORMAT = dwarf;
				ENABLE_STRICT_OBJC_MSGSEND = YES;
				ENABLE_TESTABILITY = YES;
				GCC_C_LANGUAGE_STANDARD = gnu99;
				GCC_DYNAMIC_NO_PIC = NO;
				GCC_NO_COMMON_BLOCKS = YES;
				GCC_OPTIMIZATION_LEVEL = 0;
				GCC_PREPROCESSOR_DEFINITIONS = (
					"DEBUG=1",
					"$(inherited)",
				);
				GCC_WARN_64_TO_32_BIT_CONVERSION = YES;
				GCC_WARN_ABOUT_RETURN_TYPE = YES_ERROR;
				GCC_WARN_UNDECLARED_SELECTOR = YES;
				GCC_WARN_UNINITIALIZED_AUTOS = YES_AGGRESSIVE;
				GCC_WARN_UNUSED_FUNCTION = YES;
				GCC_WARN_UNUSED_VARIABLE = YES;
				IPHONEOS_DEPLOYMENT_TARGET = 9.2;
				MTL_ENABLE_DEBUG_INFO = YES;
				ONLY_ACTIVE_ARCH = YES;
				SDKROOT = iphoneos;
				SWIFT_OPTIMIZATION_LEVEL = "-Onone";
				TARGETED_DEVICE_FAMILY = "1,2";
			};
			name = Debug;
		};
		39F0256E1CAC615200AA5837 /* Release */ = {
			isa = XCBuildConfiguration;
			buildSettings = {
				ALWAYS_SEARCH_USER_PATHS = NO;
				CLANG_CXX_LANGUAGE_STANDARD = "gnu++0x";
				CLANG_CXX_LIBRARY = "libc++";
				CLANG_ENABLE_MODULES = YES;
				CLANG_ENABLE_OBJC_ARC = YES;
				CLANG_WARN_BOOL_CONVERSION = YES;
				CLANG_WARN_CONSTANT_CONVERSION = YES;
				CLANG_WARN_DIRECT_OBJC_ISA_USAGE = YES_ERROR;
				CLANG_WARN_EMPTY_BODY = YES;
				CLANG_WARN_ENUM_CONVERSION = YES;
				CLANG_WARN_INT_CONVERSION = YES;
				CLANG_WARN_OBJC_ROOT_CLASS = YES_ERROR;
				CLANG_WARN_UNREACHABLE_CODE = YES;
				CLANG_WARN__DUPLICATE_METHOD_MATCH = YES;
				"CODE_SIGN_IDENTITY[sdk=iphoneos*]" = "iPhone Developer";
				COPY_PHASE_STRIP = NO;
				DEBUG_INFORMATION_FORMAT = "dwarf-with-dsym";
				ENABLE_NS_ASSERTIONS = NO;
				ENABLE_STRICT_OBJC_MSGSEND = YES;
				GCC_C_LANGUAGE_STANDARD = gnu99;
				GCC_NO_COMMON_BLOCKS = YES;
				GCC_WARN_64_TO_32_BIT_CONVERSION = YES;
				GCC_WARN_ABOUT_RETURN_TYPE = YES_ERROR;
				GCC_WARN_UNDECLARED_SELECTOR = YES;
				GCC_WARN_UNINITIALIZED_AUTOS = YES_AGGRESSIVE;
				GCC_WARN_UNUSED_FUNCTION = YES;
				GCC_WARN_UNUSED_VARIABLE = YES;
				IPHONEOS_DEPLOYMENT_TARGET = 9.2;
				MTL_ENABLE_DEBUG_INFO = NO;
				SDKROOT = iphoneos;
				TARGETED_DEVICE_FAMILY = "1,2";
				VALIDATE_PRODUCT = YES;
			};
			name = Release;
		};
		39F025701CAC615200AA5837 /* Debug */ = {
			isa = XCBuildConfiguration;
			buildSettings = {
				ASSETCATALOG_COMPILER_APPICON_NAME = AppIcon;
				INFOPLIST_FILE = watsonChristopher_Assignment4/Info.plist;
				LD_RUNPATH_SEARCH_PATHS = "$(inherited) @executable_path/Frameworks";
				PRODUCT_BUNDLE_IDENTIFIER = "com.areyouaffiliated.ChrisWatson.watsonChristopher-Assignment4";
				PRODUCT_NAME = "$(TARGET_NAME)";
			};
			name = Debug;
		};
		39F025711CAC615200AA5837 /* Release */ = {
			isa = XCBuildConfiguration;
			buildSettings = {
				ASSETCATALOG_COMPILER_APPICON_NAME = AppIcon;
				INFOPLIST_FILE = watsonChristopher_Assignment4/Info.plist;
				LD_RUNPATH_SEARCH_PATHS = "$(inherited) @executable_path/Frameworks";
				PRODUCT_BUNDLE_IDENTIFIER = "com.areyouaffiliated.ChrisWatson.watsonChristopher-Assignment4";
				PRODUCT_NAME = "$(TARGET_NAME)";
			};
			name = Release;
		};
		39F025731CAC615200AA5837 /* Debug */ = {
			isa = XCBuildConfiguration;
			buildSettings = {
				BUNDLE_LOADER = "$(TEST_HOST)";
				INFOPLIST_FILE = watsonChristopher_Assignment4Tests/Info.plist;
				LD_RUNPATH_SEARCH_PATHS = "$(inherited) @executable_path/Frameworks @loader_path/Frameworks";
				PRODUCT_BUNDLE_IDENTIFIER = "com.areyouaffiliated.ChrisWatson.watsonChristopher-Assignment4Tests";
				PRODUCT_NAME = "$(TARGET_NAME)";
				TEST_HOST = "$(BUILT_PRODUCTS_DIR)/watsonChristopher_Assignment4.app/watsonChristopher_Assignment4";
			};
			name = Debug;
		};
		39F025741CAC615200AA5837 /* Release */ = {
			isa = XCBuildConfiguration;
			buildSettings = {
				BUNDLE_LOADER = "$(TEST_HOST)";
				INFOPLIST_FILE = watsonChristopher_Assignment4Tests/Info.plist;
				LD_RUNPATH_SEARCH_PATHS = "$(inherited) @executable_path/Frameworks @loader_path/Frameworks";
				PRODUCT_BUNDLE_IDENTIFIER = "com.areyouaffiliated.ChrisWatson.watsonChristopher-Assignment4Tests";
				PRODUCT_NAME = "$(TARGET_NAME)";
				TEST_HOST = "$(BUILT_PRODUCTS_DIR)/watsonChristopher_Assignment4.app/watsonChristopher_Assignment4";
			};
			name = Release;
		};
		39F025761CAC615200AA5837 /* Debug */ = {
			isa = XCBuildConfiguration;
			buildSettings = {
				INFOPLIST_FILE = watsonChristopher_Assignment4UITests/Info.plist;
				LD_RUNPATH_SEARCH_PATHS = "$(inherited) @executable_path/Frameworks @loader_path/Frameworks";
				PRODUCT_BUNDLE_IDENTIFIER = "com.areyouaffiliated.ChrisWatson.watsonChristopher-Assignment4UITests";
				PRODUCT_NAME = "$(TARGET_NAME)";
				TEST_TARGET_NAME = watsonChristopher_Assignment4;
				USES_XCTRUNNER = YES;
			};
			name = Debug;
		};
		39F025771CAC615200AA5837 /* Release */ = {
			isa = XCBuildConfiguration;
			buildSettings = {
				INFOPLIST_FILE = watsonChristopher_Assignment4UITests/Info.plist;
				LD_RUNPATH_SEARCH_PATHS = "$(inherited) @executable_path/Frameworks @loader_path/Frameworks";
				PRODUCT_BUNDLE_IDENTIFIER = "com.areyouaffiliated.ChrisWatson.watsonChristopher-Assignment4UITests";
				PRODUCT_NAME = "$(TARGET_NAME)";
				TEST_TARGET_NAME = watsonChristopher_Assignment4;
				USES_XCTRUNNER = YES;
			};
			name = Release;
		};
/* End XCBuildConfiguration section */

/* Begin XCConfigurationList section */
		39F025421CAC615100AA5837 /* Build configuration list for PBXProject "watsonChristopher_Assignment4" */ = {
			isa = XCConfigurationList;
			buildConfigurations = (
				39F0256D1CAC615200AA5837 /* Debug */,
				39F0256E1CAC615200AA5837 /* Release */,
			);
			defaultConfigurationIsVisible = 0;
			defaultConfigurationName = Release;
		};
		39F0256F1CAC615200AA5837 /* Build configuration list for PBXNativeTarget "watsonChristopher_Assignment4" */ = {
			isa = XCConfigurationList;
			buildConfigurations = (
				39F025701CAC615200AA5837 /* Debug */,
				39F025711CAC615200AA5837 /* Release */,
			);
			defaultConfigurationIsVisible = 0;
		};
		39F025721CAC615200AA5837 /* Build configuration list for PBXNativeTarget "watsonChristopher_Assignment4Tests" */ = {
			isa = XCConfigurationList;
			buildConfigurations = (
				39F025731CAC615200AA5837 /* Debug */,
				39F025741CAC615200AA5837 /* Release */,
			);
			defaultConfigurationIsVisible = 0;
		};
		39F025751CAC615200AA5837 /* Build configuration list for PBXNativeTarget "watsonChristopher_Assignment4UITests" */ = {
			isa = XCConfigurationList;
			buildConfigurations = (
				39F025761CAC615200AA5837 /* Debug */,
				39F025771CAC615200AA5837 /* Release */,
			);
			defaultConfigurationIsVisible = 0;
		};
/* End XCConfigurationList section */
	};
	rootObject = 39F0253F1CAC615100AA5837 /* Project object */;
}
