// !$*UTF8*$!
{
	archiveVersion = 1;
	classes = {
	};
	objectVersion = 46;
	objects = {

/* Begin PBXBuildFile section */
		39BEF7221C97574B0011B6B3 /* AppDelegate.swift in Sources */ = {isa = PBXBuildFile; fileRef = 39BEF7211C97574B0011B6B3 /* AppDelegate.swift */; };
		39BEF7241C97574B0011B6B3 /* ViewController.swift in Sources */ = {isa = PBXBuildFile; fileRef = 39BEF7231C97574B0011B6B3 /* ViewController.swift */; };
		39BEF7271C97574B0011B6B3 /* Main.storyboard in Resources */ = {isa = PBXBuildFile; fileRef = 39BEF7251C97574B0011B6B3 /* Main.storyboard */; };
		39BEF7291C97574B0011B6B3 /* Assets.xcassets in Resources */ = {isa = PBXBuildFile; fileRef = 39BEF7281C97574B0011B6B3 /* Assets.xcassets */; };
		39BEF72C1C97574B0011B6B3 /* LaunchScreen.storyboard in Resources */ = {isa = PBXBuildFile; fileRef = 39BEF72A1C97574B0011B6B3 /* LaunchScreen.storyboard */; };
		39BEF7371C97574B0011B6B3 /* watsonChristopher_Assignment3Tests.swift in Sources */ = {isa = PBXBuildFile; fileRef = 39BEF7361C97574B0011B6B3 /* watsonChristopher_Assignment3Tests.swift */; };
		39BEF7421C97574B0011B6B3 /* watsonChristopher_Assignment3UITests.swift in Sources */ = {isa = PBXBuildFile; fileRef = 39BEF7411C97574B0011B6B3 /* watsonChristopher_Assignment3UITests.swift */; };
/* End PBXBuildFile section */

/* Begin PBXContainerItemProxy section */
		39BEF7331C97574B0011B6B3 /* PBXContainerItemProxy */ = {
			isa = PBXContainerItemProxy;
			containerPortal = 39BEF7161C97574B0011B6B3 /* Project object */;
			proxyType = 1;
			remoteGlobalIDString = 39BEF71D1C97574B0011B6B3;
			remoteInfo = watsonChristopher_Assignment3;
		};
		39BEF73E1C97574B0011B6B3 /* PBXContainerItemProxy */ = {
			isa = PBXContainerItemProxy;
			containerPortal = 39BEF7161C97574B0011B6B3 /* Project object */;
			proxyType = 1;
			remoteGlobalIDString = 39BEF71D1C97574B0011B6B3;
			remoteInfo = watsonChristopher_Assignment3;
		};
/* End PBXContainerItemProxy section */

/* Begin PBXFileReference section */
		39BEF71E1C97574B0011B6B3 /* watsonChristopher_Assignment3.app */ = {isa = PBXFileReference; explicitFileType = wrapper.application; includeInIndex = 0; path = watsonChristopher_Assignment3.app; sourceTree = BUILT_PRODUCTS_DIR; };
		39BEF7211C97574B0011B6B3 /* AppDelegate.swift */ = {isa = PBXFileReference; lastKnownFileType = sourcecode.swift; path = AppDelegate.swift; sourceTree = "<group>"; };
		39BEF7231C97574B0011B6B3 /* ViewController.swift */ = {isa = PBXFileReference; lastKnownFileType = sourcecode.swift; path = ViewController.swift; sourceTree = "<group>"; };
		39BEF7261C97574B0011B6B3 /* Base */ = {isa = PBXFileReference; lastKnownFileType = file.storyboard; name = Base; path = Base.lproj/Main.storyboard; sourceTree = "<group>"; };
		39BEF7281C97574B0011B6B3 /* Assets.xcassets */ = {isa = PBXFileReference; lastKnownFileType = folder.assetcatalog; path = Assets.xcassets; sourceTree = "<group>"; };
		39BEF72B1C97574B0011B6B3 /* Base */ = {isa = PBXFileReference; lastKnownFileType = file.storyboard; name = Base; path = Base.lproj/LaunchScreen.storyboard; sourceTree = "<group>"; };
		39BEF72D1C97574B0011B6B3 /* Info.plist */ = {isa = PBXFileReference; lastKnownFileType = text.plist.xml; path = Info.plist; sourceTree = "<group>"; };
		39BEF7321C97574B0011B6B3 /* watsonChristopher_Assignment3Tests.xctest */ = {isa = PBXFileReference; explicitFileType = wrapper.cfbundle; includeInIndex = 0; path = watsonChristopher_Assignment3Tests.xctest; sourceTree = BUILT_PRODUCTS_DIR; };
		39BEF7361C97574B0011B6B3 /* watsonChristopher_Assignment3Tests.swift */ = {isa = PBXFileReference; lastKnownFileType = sourcecode.swift; path = watsonChristopher_Assignment3Tests.swift; sourceTree = "<group>"; };
		39BEF7381C97574B0011B6B3 /* Info.plist */ = {isa = PBXFileReference; lastKnownFileType = text.plist.xml; path = Info.plist; sourceTree = "<group>"; };
		39BEF73D1C97574B0011B6B3 /* watsonChristopher_Assignment3UITests.xctest */ = {isa = PBXFileReference; explicitFileType = wrapper.cfbundle; includeInIndex = 0; path = watsonChristopher_Assignment3UITests.xctest; sourceTree = BUILT_PRODUCTS_DIR; };
		39BEF7411C97574B0011B6B3 /* watsonChristopher_Assignment3UITests.swift */ = {isa = PBXFileReference; lastKnownFileType = sourcecode.swift; path = watsonChristopher_Assignment3UITests.swift; sourceTree = "<group>"; };
		39BEF7431C97574B0011B6B3 /* Info.plist */ = {isa = PBXFileReference; lastKnownFileType = text.plist.xml; path = Info.plist; sourceTree = "<group>"; };
/* End PBXFileReference section */

/* Begin PBXFrameworksBuildPhase section */
		39BEF71B1C97574B0011B6B3 /* Frameworks */ = {
			isa = PBXFrameworksBuildPhase;
			buildActionMask = 2147483647;
			files = (
			);
			runOnlyForDeploymentPostprocessing = 0;
		};
		39BEF72F1C97574B0011B6B3 /* Frameworks */ = {
			isa = PBXFrameworksBuildPhase;
			buildActionMask = 2147483647;
			files = (
			);
			runOnlyForDeploymentPostprocessing = 0;
		};
		39BEF73A1C97574B0011B6B3 /* Frameworks */ = {
			isa = PBXFrameworksBuildPhase;
			buildActionMask = 2147483647;
			files = (
			);
			runOnlyForDeploymentPostprocessing = 0;
		};
/* End PBXFrameworksBuildPhase section */

/* Begin PBXGroup section */
		39BEF7151C97574B0011B6B3 = {
			isa = PBXGroup;
			children = (
				39BEF7201C97574B0011B6B3 /* watsonChristopher_Assignment3 */,
				39BEF7351C97574B0011B6B3 /* watsonChristopher_Assignment3Tests */,
				39BEF7401C97574B0011B6B3 /* watsonChristopher_Assignment3UITests */,
				39BEF71F1C97574B0011B6B3 /* Products */,
			);
			sourceTree = "<group>";
		};
		39BEF71F1C97574B0011B6B3 /* Products */ = {
			isa = PBXGroup;
			children = (
				39BEF71E1C97574B0011B6B3 /* watsonChristopher_Assignment3.app */,
				39BEF7321C97574B0011B6B3 /* watsonChristopher_Assignment3Tests.xctest */,
				39BEF73D1C97574B0011B6B3 /* watsonChristopher_Assignment3UITests.xctest */,
			);
			name = Products;
			sourceTree = "<group>";
		};
		39BEF7201C97574B0011B6B3 /* watsonChristopher_Assignment3 */ = {
			isa = PBXGroup;
			children = (
				39BEF7211C97574B0011B6B3 /* AppDelegate.swift */,
				39BEF7231C97574B0011B6B3 /* ViewController.swift */,
				39BEF7251C97574B0011B6B3 /* Main.storyboard */,
				39BEF7281C97574B0011B6B3 /* Assets.xcassets */,
				39BEF72A1C97574B0011B6B3 /* LaunchScreen.storyboard */,
				39BEF72D1C97574B0011B6B3 /* Info.plist */,
			);
			path = watsonChristopher_Assignment3;
			sourceTree = "<group>";
		};
		39BEF7351C97574B0011B6B3 /* watsonChristopher_Assignment3Tests */ = {
			isa = PBXGroup;
			children = (
				39BEF7361C97574B0011B6B3 /* watsonChristopher_Assignment3Tests.swift */,
				39BEF7381C97574B0011B6B3 /* Info.plist */,
			);
			path = watsonChristopher_Assignment3Tests;
			sourceTree = "<group>";
		};
		39BEF7401C97574B0011B6B3 /* watsonChristopher_Assignment3UITests */ = {
			isa = PBXGroup;
			children = (
				39BEF7411C97574B0011B6B3 /* watsonChristopher_Assignment3UITests.swift */,
				39BEF7431C97574B0011B6B3 /* Info.plist */,
			);
			path = watsonChristopher_Assignment3UITests;
			sourceTree = "<group>";
		};
/* End PBXGroup section */

/* Begin PBXNativeTarget section */
		39BEF71D1C97574B0011B6B3 /* watsonChristopher_Assignment3 */ = {
			isa = PBXNativeTarget;
			buildConfigurationList = 39BEF7461C97574B0011B6B3 /* Build configuration list for PBXNativeTarget "watsonChristopher_Assignment3" */;
			buildPhases = (
				39BEF71A1C97574B0011B6B3 /* Sources */,
				39BEF71B1C97574B0011B6B3 /* Frameworks */,
				39BEF71C1C97574B0011B6B3 /* Resources */,
			);
			buildRules = (
			);
			dependencies = (
			);
			name = watsonChristopher_Assignment3;
			productName = watsonChristopher_Assignment3;
			productReference = 39BEF71E1C97574B0011B6B3 /* watsonChristopher_Assignment3.app */;
			productType = "com.apple.product-type.application";
		};
		39BEF7311C97574B0011B6B3 /* watsonChristopher_Assignment3Tests */ = {
			isa = PBXNativeTarget;
			buildConfigurationList = 39BEF7491C97574B0011B6B3 /* Build configuration list for PBXNativeTarget "watsonChristopher_Assignment3Tests" */;
			buildPhases = (
				39BEF72E1C97574B0011B6B3 /* Sources */,
				39BEF72F1C97574B0011B6B3 /* Frameworks */,
				39BEF7301C97574B0011B6B3 /* Resources */,
			);
			buildRules = (
			);
			dependencies = (
				39BEF7341C97574B0011B6B3 /* PBXTargetDependency */,
			);
			name = watsonChristopher_Assignment3Tests;
			productName = watsonChristopher_Assignment3Tests;
			productReference = 39BEF7321C97574B0011B6B3 /* watsonChristopher_Assignment3Tests.xctest */;
			productType = "com.apple.product-type.bundle.unit-test";
		};
		39BEF73C1C97574B0011B6B3 /* watsonChristopher_Assignment3UITests */ = {
			isa = PBXNativeTarget;
			buildConfigurationList = 39BEF74C1C97574B0011B6B3 /* Build configuration list for PBXNativeTarget "watsonChristopher_Assignment3UITests" */;
			buildPhases = (
				39BEF7391C97574B0011B6B3 /* Sources */,
				39BEF73A1C97574B0011B6B3 /* Frameworks */,
				39BEF73B1C97574B0011B6B3 /* Resources */,
			);
			buildRules = (
			);
			dependencies = (
				39BEF73F1C97574B0011B6B3 /* PBXTargetDependency */,
			);
			name = watsonChristopher_Assignment3UITests;
			productName = watsonChristopher_Assignment3UITests;
			productReference = 39BEF73D1C97574B0011B6B3 /* watsonChristopher_Assignment3UITests.xctest */;
			productType = "com.apple.product-type.bundle.ui-testing";
		};
/* End PBXNativeTarget section */

/* Begin PBXProject section */
		39BEF7161C97574B0011B6B3 /* Project object */ = {
			isa = PBXProject;
			attributes = {
				LastSwiftUpdateCheck = 0720;
				LastUpgradeCheck = 0720;
				ORGANIZATIONNAME = "Chapman University";
				TargetAttributes = {
					39BEF71D1C97574B0011B6B3 = {
						CreatedOnToolsVersion = 7.2.1;
					};
					39BEF7311C97574B0011B6B3 = {
						CreatedOnToolsVersion = 7.2.1;
						TestTargetID = 39BEF71D1C97574B0011B6B3;
					};
					39BEF73C1C97574B0011B6B3 = {
						CreatedOnToolsVersion = 7.2.1;
						TestTargetID = 39BEF71D1C97574B0011B6B3;
					};
				};
			};
			buildConfigurationList = 39BEF7191C97574B0011B6B3 /* Build configuration list for PBXProject "watsonChristopher_Assignment3" */;
			compatibilityVersion = "Xcode 3.2";
			developmentRegion = English;
			hasScannedForEncodings = 0;
			knownRegions = (
				en,
				Base,
			);
			mainGroup = 39BEF7151C97574B0011B6B3;
			productRefGroup = 39BEF71F1C97574B0011B6B3 /* Products */;
			projectDirPath = "";
			projectRoot = "";
			targets = (
				39BEF71D1C97574B0011B6B3 /* watsonChristopher_Assignment3 */,
				39BEF7311C97574B0011B6B3 /* watsonChristopher_Assignment3Tests */,
				39BEF73C1C97574B0011B6B3 /* watsonChristopher_Assignment3UITests */,
			);
		};
/* End PBXProject section */

/* Begin PBXResourcesBuildPhase section */
		39BEF71C1C97574B0011B6B3 /* Resources */ = {
			isa = PBXResourcesBuildPhase;
			buildActionMask = 2147483647;
			files = (
				39BEF72C1C97574B0011B6B3 /* LaunchScreen.storyboard in Resources */,
				39BEF7291C97574B0011B6B3 /* Assets.xcassets in Resources */,
				39BEF7271C97574B0011B6B3 /* Main.storyboard in Resources */,
			);
			runOnlyForDeploymentPostprocessing = 0;
		};
		39BEF7301C97574B0011B6B3 /* Resources */ = {
			isa = PBXResourcesBuildPhase;
			buildActionMask = 2147483647;
			files = (
			);
			runOnlyForDeploymentPostprocessing = 0;
		};
		39BEF73B1C97574B0011B6B3 /* Resources */ = {
			isa = PBXResourcesBuildPhase;
			buildActionMask = 2147483647;
			files = (
			);
			runOnlyForDeploymentPostprocessing = 0;
		};
/* End PBXResourcesBuildPhase section */

/* Begin PBXSourcesBuildPhase section */
		39BEF71A1C97574B0011B6B3 /* Sources */ = {
			isa = PBXSourcesBuildPhase;
			buildActionMask = 2147483647;
			files = (
				39BEF7241C97574B0011B6B3 /* ViewController.swift in Sources */,
				39BEF7221C97574B0011B6B3 /* AppDelegate.swift in Sources */,
			);
			runOnlyForDeploymentPostprocessing = 0;
		};
		39BEF72E1C97574B0011B6B3 /* Sources */ = {
			isa = PBXSourcesBuildPhase;
			buildActionMask = 2147483647;
			files = (
				39BEF7371C97574B0011B6B3 /* watsonChristopher_Assignment3Tests.swift in Sources */,
			);
			runOnlyForDeploymentPostprocessing = 0;
		};
		39BEF7391C97574B0011B6B3 /* Sources */ = {
			isa = PBXSourcesBuildPhase;
			buildActionMask = 2147483647;
			files = (
				39BEF7421C97574B0011B6B3 /* watsonChristopher_Assignment3UITests.swift in Sources */,
			);
			runOnlyForDeploymentPostprocessing = 0;
		};
/* End PBXSourcesBuildPhase section */

/* Begin PBXTargetDependency section */
		39BEF7341C97574B0011B6B3 /* PBXTargetDependency */ = {
			isa = PBXTargetDependency;
			target = 39BEF71D1C97574B0011B6B3 /* watsonChristopher_Assignment3 */;
			targetProxy = 39BEF7331C97574B0011B6B3 /* PBXContainerItemProxy */;
		};
		39BEF73F1C97574B0011B6B3 /* PBXTargetDependency */ = {
			isa = PBXTargetDependency;
			target = 39BEF71D1C97574B0011B6B3 /* watsonChristopher_Assignment3 */;
			targetProxy = 39BEF73E1C97574B0011B6B3 /* PBXContainerItemProxy */;
		};
/* End PBXTargetDependency section */

/* Begin PBXVariantGroup section */
		39BEF7251C97574B0011B6B3 /* Main.storyboard */ = {
			isa = PBXVariantGroup;
			children = (
				39BEF7261C97574B0011B6B3 /* Base */,
			);
			name = Main.storyboard;
			sourceTree = "<group>";
		};
		39BEF72A1C97574B0011B6B3 /* LaunchScreen.storyboard */ = {
			isa = PBXVariantGroup;
			children = (
				39BEF72B1C97574B0011B6B3 /* Base */,
			);
			name = LaunchScreen.storyboard;
			sourceTree = "<group>";
		};
/* End PBXVariantGroup section */

/* Begin XCBuildConfiguration section */
		39BEF7441C97574B0011B6B3 /* Debug */ = {
			isa = XCBuildConfiguration;
			buildSettings = {
				ALWAYS_SEARCH_USER_PATHS = NO;
				CLANG_CXX_LANGUAGE_STANDARD = "gnu++0x";
				CLANG_CXX_LIBRARY = "libc++";
				CLANG_ENABLE_MODULES = YES;
				CLANG_ENABLE_OBJC_ARC = YES;
				CLANG_WARN_BOOL_CONVERSION = YES;
				CLANG_WARN_CONSTANT_CONVERSION = YES;
				CLANG_WARN_DIRECT_OBJC_ISA_USAGE = YES_ERROR;
				CLANG_WARN_EMPTY_BODY = YES;
				CLANG_WARN_ENUM_CONVERSION = YES;
				CLANG_WARN_INT_CONVERSION = YES;
				CLANG_WARN_OBJC_ROOT_CLASS = YES_ERROR;
				CLANG_WARN_UNREACHABLE_CODE = YES;
				CLANG_WARN__DUPLICATE_METHOD_MATCH = YES;
				"CODE_SIGN_IDENTITY[sdk=iphoneos*]" = "iPhone Developer";
				COPY_PHASE_STRIP = NO;
				DEBUG_INFORMATION_FORMAT = dwarf;
				ENABLE_STRICT_OBJC_MSGSEND = YES;
				ENABLE_TESTABILITY = YES;
				GCC_C_LANGUAGE_STANDARD = gnu99;
				GCC_DYNAMIC_NO_PIC = NO;
				GCC_NO_COMMON_BLOCKS = YES;
				GCC_OPTIMIZATION_LEVEL = 0;
				GCC_PREPROCESSOR_DEFINITIONS = (
					"DEBUG=1",
					"$(inherited)",
				);
				GCC_WARN_64_TO_32_BIT_CONVERSION = YES;
				GCC_WARN_ABOUT_RETURN_TYPE = YES_ERROR;
				GCC_WARN_UNDECLARED_SELECTOR = YES;
				GCC_WARN_UNINITIALIZED_AUTOS = YES_AGGRESSIVE;
				GCC_WARN_UNUSED_FUNCTION = YES;
				GCC_WARN_UNUSED_VARIABLE = YES;
				IPHONEOS_DEPLOYMENT_TARGET = 9.2;
				MTL_ENABLE_DEBUG_INFO = YES;
				ONLY_ACTIVE_ARCH = YES;
				SDKROOT = iphoneos;
				SWIFT_OPTIMIZATION_LEVEL = "-Onone";
				TARGETED_DEVICE_FAMILY = "1,2";
			};
			name = Debug;
		};
		39BEF7451C97574B0011B6B3 /* Release */ = {
			isa = XCBuildConfiguration;
			buildSettings = {
				ALWAYS_SEARCH_USER_PATHS = NO;
				CLANG_CXX_LANGUAGE_STANDARD = "gnu++0x";
				CLANG_CXX_LIBRARY = "libc++";
				CLANG_ENABLE_MODULES = YES;
				CLANG_ENABLE_OBJC_ARC = YES;
				CLANG_WARN_BOOL_CONVERSION = YES;
				CLANG_WARN_CONSTANT_CONVERSION = YES;
				CLANG_WARN_DIRECT_OBJC_ISA_USAGE = YES_ERROR;
				CLANG_WARN_EMPTY_BODY = YES;
				CLANG_WARN_ENUM_CONVERSION = YES;
				CLANG_WARN_INT_CONVERSION = YES;
				CLANG_WARN_OBJC_ROOT_CLASS = YES_ERROR;
				CLANG_WARN_UNREACHABLE_CODE = YES;
				CLANG_WARN__DUPLICATE_METHOD_MATCH = YES;
				"CODE_SIGN_IDENTITY[sdk=iphoneos*]" = "iPhone Developer";
				COPY_PHASE_STRIP = NO;
				DEBUG_INFORMATION_FORMAT = "dwarf-with-dsym";
				ENABLE_NS_ASSERTIONS = NO;
				ENABLE_STRICT_OBJC_MSGSEND = YES;
				GCC_C_LANGUAGE_STANDARD = gnu99;
				GCC_NO_COMMON_BLOCKS = YES;
				GCC_WARN_64_TO_32_BIT_CONVERSION = YES;
				GCC_WARN_ABOUT_RETURN_TYPE = YES_ERROR;
				GCC_WARN_UNDECLARED_SELECTOR = YES;
				GCC_WARN_UNINITIALIZED_AUTOS = YES_AGGRESSIVE;
				GCC_WARN_UNUSED_FUNCTION = YES;
				GCC_WARN_UNUSED_VARIABLE = YES;
				IPHONEOS_DEPLOYMENT_TARGET = 9.2;
				MTL_ENABLE_DEBUG_INFO = NO;
				SDKROOT = iphoneos;
				TARGETED_DEVICE_FAMILY = "1,2";
				VALIDATE_PRODUCT = YES;
			};
			name = Release;
		};
		39BEF7471C97574B0011B6B3 /* Debug */ = {
			isa = XCBuildConfiguration;
			buildSettings = {
				ASSETCATALOG_COMPILER_APPICON_NAME = AppIcon;
				INFOPLIST_FILE = watsonChristopher_Assignment3/Info.plist;
				LD_RUNPATH_SEARCH_PATHS = "$(inherited) @executable_path/Frameworks";
				PRODUCT_BUNDLE_IDENTIFIER = "com.areyouaffiliated.ChrisWatson.watsonChristopher-Assignment3";
				PRODUCT_NAME = "$(TARGET_NAME)";
			};
			name = Debug;
		};
		39BEF7481C97574B0011B6B3 /* Release */ = {
			isa = XCBuildConfiguration;
			buildSettings = {
				ASSETCATALOG_COMPILER_APPICON_NAME = AppIcon;
				INFOPLIST_FILE = watsonChristopher_Assignment3/Info.plist;
				LD_RUNPATH_SEARCH_PATHS = "$(inherited) @executable_path/Frameworks";
				PRODUCT_BUNDLE_IDENTIFIER = "com.areyouaffiliated.ChrisWatson.watsonChristopher-Assignment3";
				PRODUCT_NAME = "$(TARGET_NAME)";
			};
			name = Release;
		};
		39BEF74A1C97574B0011B6B3 /* Debug */ = {
			isa = XCBuildConfiguration;
			buildSettings = {
				BUNDLE_LOADER = "$(TEST_HOST)";
				INFOPLIST_FILE = watsonChristopher_Assignment3Tests/Info.plist;
				LD_RUNPATH_SEARCH_PATHS = "$(inherited) @executable_path/Frameworks @loader_path/Frameworks";
				PRODUCT_BUNDLE_IDENTIFIER = "com.areyouaffiliated.ChrisWatson.watsonChristopher-Assignment3Tests";
				PRODUCT_NAME = "$(TARGET_NAME)";
				TEST_HOST = "$(BUILT_PRODUCTS_DIR)/watsonChristopher_Assignment3.app/watsonChristopher_Assignment3";
			};
			name = Debug;
		};
		39BEF74B1C97574B0011B6B3 /* Release */ = {
			isa = XCBuildConfiguration;
			buildSettings = {
				BUNDLE_LOADER = "$(TEST_HOST)";
				INFOPLIST_FILE = watsonChristopher_Assignment3Tests/Info.plist;
				LD_RUNPATH_SEARCH_PATHS = "$(inherited) @executable_path/Frameworks @loader_path/Frameworks";
				PRODUCT_BUNDLE_IDENTIFIER = "com.areyouaffiliated.ChrisWatson.watsonChristopher-Assignment3Tests";
				PRODUCT_NAME = "$(TARGET_NAME)";
				TEST_HOST = "$(BUILT_PRODUCTS_DIR)/watsonChristopher_Assignment3.app/watsonChristopher_Assignment3";
			};
			name = Release;
		};
		39BEF74D1C97574B0011B6B3 /* Debug */ = {
			isa = XCBuildConfiguration;
			buildSettings = {
				INFOPLIST_FILE = watsonChristopher_Assignment3UITests/Info.plist;
				LD_RUNPATH_SEARCH_PATHS = "$(inherited) @executable_path/Frameworks @loader_path/Frameworks";
				PRODUCT_BUNDLE_IDENTIFIER = "com.areyouaffiliated.ChrisWatson.watsonChristopher-Assignment3UITests";
				PRODUCT_NAME = "$(TARGET_NAME)";
				TEST_TARGET_NAME = watsonChristopher_Assignment3;
				USES_XCTRUNNER = YES;
			};
			name = Debug;
		};
		39BEF74E1C97574B0011B6B3 /* Release */ = {
			isa = XCBuildConfiguration;
			buildSettings = {
				INFOPLIST_FILE = watsonChristopher_Assignment3UITests/Info.plist;
				LD_RUNPATH_SEARCH_PATHS = "$(inherited) @executable_path/Frameworks @loader_path/Frameworks";
				PRODUCT_BUNDLE_IDENTIFIER = "com.areyouaffiliated.ChrisWatson.watsonChristopher-Assignment3UITests";
				PRODUCT_NAME = "$(TARGET_NAME)";
				TEST_TARGET_NAME = watsonChristopher_Assignment3;
				USES_XCTRUNNER = YES;
			};
			name = Release;
		};
/* End XCBuildConfiguration section */

/* Begin XCConfigurationList section */
		39BEF7191C97574B0011B6B3 /* Build configuration list for PBXProject "watsonChristopher_Assignment3" */ = {
			isa = XCConfigurationList;
			buildConfigurations = (
				39BEF7441C97574B0011B6B3 /* Debug */,
				39BEF7451C97574B0011B6B3 /* Release */,
			);
			defaultConfigurationIsVisible = 0;
			defaultConfigurationName = Release;
		};
		39BEF7461C97574B0011B6B3 /* Build configuration list for PBXNativeTarget "watsonChristopher_Assignment3" */ = {
			isa = XCConfigurationList;
			buildConfigurations = (
				39BEF7471C97574B0011B6B3 /* Debug */,
				39BEF7481C97574B0011B6B3 /* Release */,
			);
			defaultConfigurationIsVisible = 0;
		};
		39BEF7491C97574B0011B6B3 /* Build configuration list for PBXNativeTarget "watsonChristopher_Assignment3Tests" */ = {
			isa = XCConfigurationList;
			buildConfigurations = (
				39BEF74A1C97574B0011B6B3 /* Debug */,
				39BEF74B1C97574B0011B6B3 /* Release */,
			);
			defaultConfigurationIsVisible = 0;
		};
		39BEF74C1C97574B0011B6B3 /* Build configuration list for PBXNativeTarget "watsonChristopher_Assignment3UITests" */ = {
			isa = XCConfigurationList;
			buildConfigurations = (
				39BEF74D1C97574B0011B6B3 /* Debug */,
				39BEF74E1C97574B0011B6B3 /* Release */,
			);
			defaultConfigurationIsVisible = 0;
		};
/* End XCConfigurationList section */
	};
	rootObject = 39BEF7161C97574B0011B6B3 /* Project object */;
}
